
Microsoft Visual Studio Solution File, Format Version 12.00
# Visual Studio 15
VisualStudioVersion = 15.0.28010.2036
MinimumVisualStudioVersion = 10.0.40219.1
Project("{FAE04EC0-301F-11D3-BF4B-00C04F79EFBC}") = "BpowersAssignment3", "BpowersAssignment3\BpowersAssignment3.csproj", "{4F8C7604-A74C-4F5F-B9BB-C75C2D5CB37D}"
EndProject
Global
	GlobalSection(SolutionConfigurationPlatforms) = preSolution
		Debug|Any CPU = Debug|Any CPU
		Release|Any CPU = Release|Any CPU
	EndGlobalSection
	GlobalSection(ProjectConfigurationPlatforms) = postSolution
		{4F8C7604-A74C-4F5F-B9BB-C75C2D5CB37D}.Debug|Any CPU.ActiveCfg = Debug|Any CPU
		{4F8C7604-A74C-4F5F-B9BB-C75C2D5CB37D}.Debug|Any CPU.Build.0 = Debug|Any CPU
		{4F8C7604-A74C-4F5F-B9BB-C75C2D5CB37D}.Release|Any CPU.ActiveCfg = Release|Any CPU
		{4F8C7604-A74C-4F5F-B9BB-C75C2D5CB37D}.Release|Any CPU.Build.0 = Release|Any CPU
	EndGlobalSection
	GlobalSection(SolutionProperties) = preSolution
		HideSolutionNode = FALSE
	EndGlobalSection
	GlobalSection(ExtensibilityGlobals) = postSolution
		SolutionGuid = {E785AD9D-944E-46D3-948F-B91680F45E14}
	EndGlobalSection
EndGlobal
